
Microsoft Visual Studio Solution File, Format Version 12.00
# Visual Studio Version 16
VisualStudioVersion = 16.0.29306.81
MinimumVisualStudioVersion = 10.0.40219.1
Project("{FAE04EC0-301F-11D3-BF4B-00C04F79EFBC}") = "AutoSolution", "AutoSolution\AutoSolution.csproj", "{DBBFE272-75A7-4178-932B-1A2A4F32C913}"
EndProject
Project("{FAE04EC0-301F-11D3-BF4B-00C04F79EFBC}") = "AutoSolution.Database", "AutoSolution.Database\AutoSolution.Database.csproj", "{ABF72798-AE29-4DE1-BE40-C05D64CB367D}"
EndProject
Project("{FAE04EC0-301F-11D3-BF4B-00C04F79EFBC}") = "AutoSolution.Entities", "AutoSolution.Entities\AutoSolution.Entities.csproj", "{D3FA842D-B46C-4BC6-8F1D-10B27A42781E}"
EndProject
Project("{FAE04EC0-301F-11D3-BF4B-00C04F79EFBC}") = "AutoSolution.Services", "AutoSolution.Services\AutoSolution.Services.csproj", "{0E64F2E2-797B-4702-9A27-22CAEEFB1824}"
EndProject
Global
	GlobalSection(SolutionConfigurationPlatforms) = preSolution
		Debug|Any CPU = Debug|Any CPU
		Release|Any CPU = Release|Any CPU
	EndGlobalSection
	GlobalSection(ProjectConfigurationPlatforms) = postSolution
		{DBBFE272-75A7-4178-932B-1A2A4F32C913}.Debug|Any CPU.ActiveCfg = Debug|Any CPU
		{DBBFE272-75A7-4178-932B-1A2A4F32C913}.Debug|Any CPU.Build.0 = Debug|Any CPU
		{DBBFE272-75A7-4178-932B-1A2A4F32C913}.Release|Any CPU.ActiveCfg = Release|Any CPU
		{DBBFE272-75A7-4178-932B-1A2A4F32C913}.Release|Any CPU.Build.0 = Release|Any CPU
		{ABF72798-AE29-4DE1-BE40-C05D64CB367D}.Debug|Any CPU.ActiveCfg = Debug|Any CPU
		{ABF72798-AE29-4DE1-BE40-C05D64CB367D}.Debug|Any CPU.Build.0 = Debug|Any CPU
		{ABF72798-AE29-4DE1-BE40-C05D64CB367D}.Release|Any CPU.ActiveCfg = Release|Any CPU
		{ABF72798-AE29-4DE1-BE40-C05D64CB367D}.Release|Any CPU.Build.0 = Release|Any CPU
		{D3FA842D-B46C-4BC6-8F1D-10B27A42781E}.Debug|Any CPU.ActiveCfg = Debug|Any CPU
		{D3FA842D-B46C-4BC6-8F1D-10B27A42781E}.Debug|Any CPU.Build.0 = Debug|Any CPU
		{D3FA842D-B46C-4BC6-8F1D-10B27A42781E}.Release|Any CPU.ActiveCfg = Release|Any CPU
		{D3FA842D-B46C-4BC6-8F1D-10B27A42781E}.Release|Any CPU.Build.0 = Release|Any CPU
		{0E64F2E2-797B-4702-9A27-22CAEEFB1824}.Debug|Any CPU.ActiveCfg = Debug|Any CPU
		{0E64F2E2-797B-4702-9A27-22CAEEFB1824}.Debug|Any CPU.Build.0 = Debug|Any CPU
		{0E64F2E2-797B-4702-9A27-22CAEEFB1824}.Release|Any CPU.ActiveCfg = Release|Any CPU
		{0E64F2E2-797B-4702-9A27-22CAEEFB1824}.Release|Any CPU.Build.0 = Release|Any CPU
	EndGlobalSection
	GlobalSection(SolutionProperties) = preSolution
		HideSolutionNode = FALSE
	EndGlobalSection
	GlobalSection(ExtensibilityGlobals) = postSolution
		SolutionGuid = {C0B7F6F8-AD9F-4C55-9F91-EF9092074AD0}
	EndGlobalSection
EndGlobal
